// !$*UTF8*$!
{
	archiveVersion = 1;
	classes = {
	};
	objectVersion = 48;
	objects = {

/* Begin PBXBuildFile section */
		575FF80219878E4D0D3212E0 /* Pods_dioder_ios_WatchKit_App.framework in Frameworks */ = {isa = PBXBuildFile; fileRef = A02CECC415F6D358A2CF04E9 /* Pods_dioder_ios_WatchKit_App.framework */; };
		7A3F7CFB1F966DF900127B1B /* AppDelegate.swift in Sources */ = {isa = PBXBuildFile; fileRef = 7A3F7CFA1F966DF900127B1B /* AppDelegate.swift */; };
		7A3F7CFD1F966DF900127B1B /* HomeViewController.swift in Sources */ = {isa = PBXBuildFile; fileRef = 7A3F7CFC1F966DF900127B1B /* HomeViewController.swift */; };
		7A3F7D001F966DF900127B1B /* Main.storyboard in Resources */ = {isa = PBXBuildFile; fileRef = 7A3F7CFE1F966DF900127B1B /* Main.storyboard */; };
		7A3F7D021F966DF900127B1B /* Assets.xcassets in Resources */ = {isa = PBXBuildFile; fileRef = 7A3F7D011F966DF900127B1B /* Assets.xcassets */; };
		7A3F7D051F966DF900127B1B /* LaunchScreen.storyboard in Resources */ = {isa = PBXBuildFile; fileRef = 7A3F7D031F966DF900127B1B /* LaunchScreen.storyboard */; };
		7A3F7D0A1F966DF900127B1B /* dioder-ios WatchKit App.app in Embed Watch Content */ = {isa = PBXBuildFile; fileRef = 7A3F7D091F966DF900127B1B /* dioder-ios WatchKit App.app */; };
		7A3F7D101F966DF900127B1B /* Interface.storyboard in Resources */ = {isa = PBXBuildFile; fileRef = 7A3F7D0E1F966DF900127B1B /* Interface.storyboard */; };
		7A3F7D121F966DF900127B1B /* Assets.xcassets in Resources */ = {isa = PBXBuildFile; fileRef = 7A3F7D111F966DF900127B1B /* Assets.xcassets */; };
		7A3F7D191F966DF900127B1B /* dioder-ios WatchKit Extension.appex in Embed App Extensions */ = {isa = PBXBuildFile; fileRef = 7A3F7D181F966DF900127B1B /* dioder-ios WatchKit Extension.appex */; settings = {ATTRIBUTES = (RemoveHeadersOnCopy, ); }; };
		7A3F7D1E1F966DF900127B1B /* InterfaceController.swift in Sources */ = {isa = PBXBuildFile; fileRef = 7A3F7D1D1F966DF900127B1B /* InterfaceController.swift */; };
		7A3F7D201F966DF900127B1B /* ExtensionDelegate.swift in Sources */ = {isa = PBXBuildFile; fileRef = 7A3F7D1F1F966DF900127B1B /* ExtensionDelegate.swift */; };
		7A3F7D221F966DF900127B1B /* Assets.xcassets in Resources */ = {isa = PBXBuildFile; fileRef = 7A3F7D211F966DF900127B1B /* Assets.xcassets */; };
		7ADB6E1F1F9C81E100733DBA /* FavoritesViewController.swift in Sources */ = {isa = PBXBuildFile; fileRef = 7ADB6E1E1F9C81E100733DBA /* FavoritesViewController.swift */; };
		7ADB6E211F9C83F600733DBA /* Favorite.swift in Sources */ = {isa = PBXBuildFile; fileRef = 7ADB6E201F9C83F600733DBA /* Favorite.swift */; };
		8DFA93EC13D79D3325E7C7E2 /* Pods_dioder_ios_WatchKit_Extension.framework in Frameworks */ = {isa = PBXBuildFile; fileRef = A6B450DFC1FDD598F8687D3D /* Pods_dioder_ios_WatchKit_Extension.framework */; };
		D36C9BC65EB635A7481736A5 /* Pods_dioder_ios.framework in Frameworks */ = {isa = PBXBuildFile; fileRef = E8224B7B18F3D9B30A1AD734 /* Pods_dioder_ios.framework */; };
/* End PBXBuildFile section */

/* Begin PBXContainerItemProxy section */
		7A3F7D0B1F966DF900127B1B /* PBXContainerItemProxy */ = {
			isa = PBXContainerItemProxy;
			containerPortal = 7A3F7CEF1F966DF900127B1B /* Project object */;
			proxyType = 1;
			remoteGlobalIDString = 7A3F7D081F966DF900127B1B;
			remoteInfo = "dioder-ios WatchKit App";
		};
		7A3F7D1A1F966DF900127B1B /* PBXContainerItemProxy */ = {
			isa = PBXContainerItemProxy;
			containerPortal = 7A3F7CEF1F966DF900127B1B /* Project object */;
			proxyType = 1;
			remoteGlobalIDString = 7A3F7D171F966DF900127B1B;
			remoteInfo = "dioder-ios WatchKit Extension";
		};
/* End PBXContainerItemProxy section */

/* Begin PBXCopyFilesBuildPhase section */
		7A3F7D291F966DF900127B1B /* Embed App Extensions */ = {
			isa = PBXCopyFilesBuildPhase;
			buildActionMask = 2147483647;
			dstPath = "";
			dstSubfolderSpec = 13;
			files = (
				7A3F7D191F966DF900127B1B /* dioder-ios WatchKit Extension.appex in Embed App Extensions */,
			);
			name = "Embed App Extensions";
			runOnlyForDeploymentPostprocessing = 0;
		};
		7A3F7D2D1F966DF900127B1B /* Embed Watch Content */ = {
			isa = PBXCopyFilesBuildPhase;
			buildActionMask = 2147483647;
			dstPath = "$(CONTENTS_FOLDER_PATH)/Watch";
			dstSubfolderSpec = 16;
			files = (
				7A3F7D0A1F966DF900127B1B /* dioder-ios WatchKit App.app in Embed Watch Content */,
			);
			name = "Embed Watch Content";
			runOnlyForDeploymentPostprocessing = 0;
		};
/* End PBXCopyFilesBuildPhase section */

/* Begin PBXFileReference section */
		558F4B7393AB48271917E2BA /* Pods-dioder-ios WatchKit App.release.xcconfig */ = {isa = PBXFileReference; includeInIndex = 1; lastKnownFileType = text.xcconfig; name = "Pods-dioder-ios WatchKit App.release.xcconfig"; path = "Pods/Target Support Files/Pods-dioder-ios WatchKit App/Pods-dioder-ios WatchKit App.release.xcconfig"; sourceTree = "<group>"; };
		711187BDB7B84213CBB02595 /* Pods-dioder-ios WatchKit App.debug.xcconfig */ = {isa = PBXFileReference; includeInIndex = 1; lastKnownFileType = text.xcconfig; name = "Pods-dioder-ios WatchKit App.debug.xcconfig"; path = "Pods/Target Support Files/Pods-dioder-ios WatchKit App/Pods-dioder-ios WatchKit App.debug.xcconfig"; sourceTree = "<group>"; };
		7A3F7CF71F966DF900127B1B /* dioder-ios.app */ = {isa = PBXFileReference; explicitFileType = wrapper.application; includeInIndex = 0; path = "dioder-ios.app"; sourceTree = BUILT_PRODUCTS_DIR; };
		7A3F7CFA1F966DF900127B1B /* AppDelegate.swift */ = {isa = PBXFileReference; lastKnownFileType = sourcecode.swift; path = AppDelegate.swift; sourceTree = "<group>"; };
		7A3F7CFC1F966DF900127B1B /* HomeViewController.swift */ = {isa = PBXFileReference; lastKnownFileType = sourcecode.swift; path = HomeViewController.swift; sourceTree = "<group>"; };
		7A3F7CFF1F966DF900127B1B /* Base */ = {isa = PBXFileReference; lastKnownFileType = file.storyboard; name = Base; path = Base.lproj/Main.storyboard; sourceTree = "<group>"; };
		7A3F7D011F966DF900127B1B /* Assets.xcassets */ = {isa = PBXFileReference; lastKnownFileType = folder.assetcatalog; path = Assets.xcassets; sourceTree = "<group>"; };
		7A3F7D041F966DF900127B1B /* Base */ = {isa = PBXFileReference; lastKnownFileType = file.storyboard; name = Base; path = Base.lproj/LaunchScreen.storyboard; sourceTree = "<group>"; };
		7A3F7D061F966DF900127B1B /* Info.plist */ = {isa = PBXFileReference; lastKnownFileType = text.plist.xml; path = Info.plist; sourceTree = "<group>"; };
		7A3F7D091F966DF900127B1B /* dioder-ios WatchKit App.app */ = {isa = PBXFileReference; explicitFileType = wrapper.application; includeInIndex = 0; path = "dioder-ios WatchKit App.app"; sourceTree = BUILT_PRODUCTS_DIR; };
		7A3F7D0F1F966DF900127B1B /* Base */ = {isa = PBXFileReference; lastKnownFileType = file.storyboard; name = Base; path = Base.lproj/Interface.storyboard; sourceTree = "<group>"; };
		7A3F7D111F966DF900127B1B /* Assets.xcassets */ = {isa = PBXFileReference; lastKnownFileType = folder.assetcatalog; path = Assets.xcassets; sourceTree = "<group>"; };
		7A3F7D131F966DF900127B1B /* Info.plist */ = {isa = PBXFileReference; lastKnownFileType = text.plist.xml; path = Info.plist; sourceTree = "<group>"; };
		7A3F7D181F966DF900127B1B /* dioder-ios WatchKit Extension.appex */ = {isa = PBXFileReference; explicitFileType = "wrapper.app-extension"; includeInIndex = 0; path = "dioder-ios WatchKit Extension.appex"; sourceTree = BUILT_PRODUCTS_DIR; };
		7A3F7D1D1F966DF900127B1B /* InterfaceController.swift */ = {isa = PBXFileReference; lastKnownFileType = sourcecode.swift; path = InterfaceController.swift; sourceTree = "<group>"; };
		7A3F7D1F1F966DF900127B1B /* ExtensionDelegate.swift */ = {isa = PBXFileReference; lastKnownFileType = sourcecode.swift; path = ExtensionDelegate.swift; sourceTree = "<group>"; };
		7A3F7D211F966DF900127B1B /* Assets.xcassets */ = {isa = PBXFileReference; lastKnownFileType = folder.assetcatalog; path = Assets.xcassets; sourceTree = "<group>"; };
		7A3F7D231F966DF900127B1B /* Info.plist */ = {isa = PBXFileReference; lastKnownFileType = text.plist.xml; path = Info.plist; sourceTree = "<group>"; };
		7ADB6E1E1F9C81E100733DBA /* FavoritesViewController.swift */ = {isa = PBXFileReference; lastKnownFileType = sourcecode.swift; path = FavoritesViewController.swift; sourceTree = "<group>"; };
		7ADB6E201F9C83F600733DBA /* Favorite.swift */ = {isa = PBXFileReference; lastKnownFileType = sourcecode.swift; path = Favorite.swift; sourceTree = "<group>"; };
		9E5D84B67102F470A3FE1F15 /* Pods-dioder-ios.debug.xcconfig */ = {isa = PBXFileReference; includeInIndex = 1; lastKnownFileType = text.xcconfig; name = "Pods-dioder-ios.debug.xcconfig"; path = "Pods/Target Support Files/Pods-dioder-ios/Pods-dioder-ios.debug.xcconfig"; sourceTree = "<group>"; };
		A02CECC415F6D358A2CF04E9 /* Pods_dioder_ios_WatchKit_App.framework */ = {isa = PBXFileReference; explicitFileType = wrapper.framework; includeInIndex = 0; path = Pods_dioder_ios_WatchKit_App.framework; sourceTree = BUILT_PRODUCTS_DIR; };
		A4744699F2CA1A7863910912 /* Pods-dioder-ios WatchKit Extension.debug.xcconfig */ = {isa = PBXFileReference; includeInIndex = 1; lastKnownFileType = text.xcconfig; name = "Pods-dioder-ios WatchKit Extension.debug.xcconfig"; path = "Pods/Target Support Files/Pods-dioder-ios WatchKit Extension/Pods-dioder-ios WatchKit Extension.debug.xcconfig"; sourceTree = "<group>"; };
		A6B450DFC1FDD598F8687D3D /* Pods_dioder_ios_WatchKit_Extension.framework */ = {isa = PBXFileReference; explicitFileType = wrapper.framework; includeInIndex = 0; path = Pods_dioder_ios_WatchKit_Extension.framework; sourceTree = BUILT_PRODUCTS_DIR; };
		B3443ACCAE5E81CF9F0E0D13 /* Pods-dioder-ios WatchKit Extension.release.xcconfig */ = {isa = PBXFileReference; includeInIndex = 1; lastKnownFileType = text.xcconfig; name = "Pods-dioder-ios WatchKit Extension.release.xcconfig"; path = "Pods/Target Support Files/Pods-dioder-ios WatchKit Extension/Pods-dioder-ios WatchKit Extension.release.xcconfig"; sourceTree = "<group>"; };
		D9C34847444A9D1DCBFCE8B0 /* Pods-dioder-ios.release.xcconfig */ = {isa = PBXFileReference; includeInIndex = 1; lastKnownFileType = text.xcconfig; name = "Pods-dioder-ios.release.xcconfig"; path = "Pods/Target Support Files/Pods-dioder-ios/Pods-dioder-ios.release.xcconfig"; sourceTree = "<group>"; };
		E8224B7B18F3D9B30A1AD734 /* Pods_dioder_ios.framework */ = {isa = PBXFileReference; explicitFileType = wrapper.framework; includeInIndex = 0; path = Pods_dioder_ios.framework; sourceTree = BUILT_PRODUCTS_DIR; };
/* End PBXFileReference section */

/* Begin PBXFrameworksBuildPhase section */
		39BB455397E4DEA58DF415F6 /* Frameworks */ = {
			isa = PBXFrameworksBuildPhase;
			buildActionMask = 2147483647;
			files = (
				575FF80219878E4D0D3212E0 /* Pods_dioder_ios_WatchKit_App.framework in Frameworks */,
			);
			runOnlyForDeploymentPostprocessing = 0;
		};
		7A3F7CF41F966DF900127B1B /* Frameworks */ = {
			isa = PBXFrameworksBuildPhase;
			buildActionMask = 2147483647;
			files = (
				D36C9BC65EB635A7481736A5 /* Pods_dioder_ios.framework in Frameworks */,
			);
			runOnlyForDeploymentPostprocessing = 0;
		};
		7A3F7D151F966DF900127B1B /* Frameworks */ = {
			isa = PBXFrameworksBuildPhase;
			buildActionMask = 2147483647;
			files = (
				8DFA93EC13D79D3325E7C7E2 /* Pods_dioder_ios_WatchKit_Extension.framework in Frameworks */,
			);
			runOnlyForDeploymentPostprocessing = 0;
		};
/* End PBXFrameworksBuildPhase section */

/* Begin PBXGroup section */
		7A3F7CEE1F966DF900127B1B = {
			isa = PBXGroup;
			children = (
				7A3F7CF91F966DF900127B1B /* dioder-ios */,
				7A3F7D0D1F966DF900127B1B /* dioder-ios WatchKit App */,
				7A3F7D1C1F966DF900127B1B /* dioder-ios WatchKit Extension */,
				7A3F7CF81F966DF900127B1B /* Products */,
				DB0D773A3388DE0F87B3957F /* Pods */,
				D621FF5B4E5FADEEAF6000B0 /* Frameworks */,
			);
			sourceTree = "<group>";
		};
		7A3F7CF81F966DF900127B1B /* Products */ = {
			isa = PBXGroup;
			children = (
				7A3F7CF71F966DF900127B1B /* dioder-ios.app */,
				7A3F7D091F966DF900127B1B /* dioder-ios WatchKit App.app */,
				7A3F7D181F966DF900127B1B /* dioder-ios WatchKit Extension.appex */,
			);
			name = Products;
			sourceTree = "<group>";
		};
		7A3F7CF91F966DF900127B1B /* dioder-ios */ = {
			isa = PBXGroup;
			children = (
				7A3F7CFA1F966DF900127B1B /* AppDelegate.swift */,
				7A3F7CFC1F966DF900127B1B /* HomeViewController.swift */,
				7ADB6E1E1F9C81E100733DBA /* FavoritesViewController.swift */,
				7ADB6E201F9C83F600733DBA /* Favorite.swift */,
				7A3F7CFE1F966DF900127B1B /* Main.storyboard */,
				7A3F7D011F966DF900127B1B /* Assets.xcassets */,
				7A3F7D031F966DF900127B1B /* LaunchScreen.storyboard */,
				7A3F7D061F966DF900127B1B /* Info.plist */,
			);
			path = "dioder-ios";
			sourceTree = "<group>";
		};
		7A3F7D0D1F966DF900127B1B /* dioder-ios WatchKit App */ = {
			isa = PBXGroup;
			children = (
				7A3F7D0E1F966DF900127B1B /* Interface.storyboard */,
				7A3F7D111F966DF900127B1B /* Assets.xcassets */,
				7A3F7D131F966DF900127B1B /* Info.plist */,
			);
			path = "dioder-ios WatchKit App";
			sourceTree = "<group>";
		};
		7A3F7D1C1F966DF900127B1B /* dioder-ios WatchKit Extension */ = {
			isa = PBXGroup;
			children = (
				7A3F7D1D1F966DF900127B1B /* InterfaceController.swift */,
				7A3F7D1F1F966DF900127B1B /* ExtensionDelegate.swift */,
				7A3F7D211F966DF900127B1B /* Assets.xcassets */,
				7A3F7D231F966DF900127B1B /* Info.plist */,
			);
			path = "dioder-ios WatchKit Extension";
			sourceTree = "<group>";
		};
		D621FF5B4E5FADEEAF6000B0 /* Frameworks */ = {
			isa = PBXGroup;
			children = (
				E8224B7B18F3D9B30A1AD734 /* Pods_dioder_ios.framework */,
				A02CECC415F6D358A2CF04E9 /* Pods_dioder_ios_WatchKit_App.framework */,
				A6B450DFC1FDD598F8687D3D /* Pods_dioder_ios_WatchKit_Extension.framework */,
			);
			name = Frameworks;
			sourceTree = "<group>";
		};
		DB0D773A3388DE0F87B3957F /* Pods */ = {
			isa = PBXGroup;
			children = (
				9E5D84B67102F470A3FE1F15 /* Pods-dioder-ios.debug.xcconfig */,
				D9C34847444A9D1DCBFCE8B0 /* Pods-dioder-ios.release.xcconfig */,
				711187BDB7B84213CBB02595 /* Pods-dioder-ios WatchKit App.debug.xcconfig */,
				558F4B7393AB48271917E2BA /* Pods-dioder-ios WatchKit App.release.xcconfig */,
				A4744699F2CA1A7863910912 /* Pods-dioder-ios WatchKit Extension.debug.xcconfig */,
				B3443ACCAE5E81CF9F0E0D13 /* Pods-dioder-ios WatchKit Extension.release.xcconfig */,
			);
			name = Pods;
			sourceTree = "<group>";
		};
/* End PBXGroup section */

/* Begin PBXNativeTarget section */
		7A3F7CF61F966DF900127B1B /* dioder-ios */ = {
			isa = PBXNativeTarget;
			buildConfigurationList = 7A3F7D2E1F966DF900127B1B /* Build configuration list for PBXNativeTarget "dioder-ios" */;
			buildPhases = (
				287BD54FF2E09E16BAFF2F45 /* [CP] Check Pods Manifest.lock */,
				7A3F7CF31F966DF900127B1B /* Sources */,
				7A3F7CF41F966DF900127B1B /* Frameworks */,
				7A3F7CF51F966DF900127B1B /* Resources */,
				7A3F7D2D1F966DF900127B1B /* Embed Watch Content */,
				AB33F8295D8D48B927914CF0 /* [CP] Embed Pods Frameworks */,
				913634BD6AD770289D60B18A /* [CP] Copy Pods Resources */,
			);
			buildRules = (
			);
			dependencies = (
				7A3F7D0C1F966DF900127B1B /* PBXTargetDependency */,
			);
			name = "dioder-ios";
			productName = "dioder-ios";
			productReference = 7A3F7CF71F966DF900127B1B /* dioder-ios.app */;
			productType = "com.apple.product-type.application";
		};
		7A3F7D081F966DF900127B1B /* dioder-ios WatchKit App */ = {
			isa = PBXNativeTarget;
			buildConfigurationList = 7A3F7D2A1F966DF900127B1B /* Build configuration list for PBXNativeTarget "dioder-ios WatchKit App" */;
			buildPhases = (
				F02334DB51204CB00D240855 /* [CP] Check Pods Manifest.lock */,
				7A3F7D071F966DF900127B1B /* Resources */,
				7A3F7D291F966DF900127B1B /* Embed App Extensions */,
				39BB455397E4DEA58DF415F6 /* Frameworks */,
				A306E454C0AF0C3D77980913 /* [CP] Copy Pods Resources */,
			);
			buildRules = (
			);
			dependencies = (
				7A3F7D1B1F966DF900127B1B /* PBXTargetDependency */,
			);
			name = "dioder-ios WatchKit App";
			productName = "dioder-ios WatchKit App";
			productReference = 7A3F7D091F966DF900127B1B /* dioder-ios WatchKit App.app */;
			productType = "com.apple.product-type.application.watchapp2";
		};
		7A3F7D171F966DF900127B1B /* dioder-ios WatchKit Extension */ = {
			isa = PBXNativeTarget;
			buildConfigurationList = 7A3F7D261F966DF900127B1B /* Build configuration list for PBXNativeTarget "dioder-ios WatchKit Extension" */;
			buildPhases = (
				5D02BBF4E2CD31643295072C /* [CP] Check Pods Manifest.lock */,
				7A3F7D141F966DF900127B1B /* Sources */,
				7A3F7D151F966DF900127B1B /* Frameworks */,
				7A3F7D161F966DF900127B1B /* Resources */,
				64C0F10245A9360B973BE273 /* [CP] Embed Pods Frameworks */,
				75F440D7AD5EAA3C08F5EF7B /* [CP] Copy Pods Resources */,
			);
			buildRules = (
			);
			dependencies = (
			);
			name = "dioder-ios WatchKit Extension";
			productName = "dioder-ios WatchKit Extension";
			productReference = 7A3F7D181F966DF900127B1B /* dioder-ios WatchKit Extension.appex */;
			productType = "com.apple.product-type.watchkit2-extension";
		};
/* End PBXNativeTarget section */

/* Begin PBXProject section */
		7A3F7CEF1F966DF900127B1B /* Project object */ = {
			isa = PBXProject;
			attributes = {
				LastSwiftUpdateCheck = 0900;
				LastUpgradeCheck = 0900;
				ORGANIZATIONNAME = "Erik Noorland";
				TargetAttributes = {
					7A3F7CF61F966DF900127B1B = {
						CreatedOnToolsVersion = 9.0;
						ProvisioningStyle = Automatic;
					};
					7A3F7D081F966DF900127B1B = {
						CreatedOnToolsVersion = 9.0;
						ProvisioningStyle = Automatic;
					};
					7A3F7D171F966DF900127B1B = {
						CreatedOnToolsVersion = 9.0;
						ProvisioningStyle = Automatic;
					};
				};
			};
			buildConfigurationList = 7A3F7CF21F966DF900127B1B /* Build configuration list for PBXProject "dioder-ios" */;
			compatibilityVersion = "Xcode 8.0";
			developmentRegion = en;
			hasScannedForEncodings = 0;
			knownRegions = (
				en,
				Base,
			);
			mainGroup = 7A3F7CEE1F966DF900127B1B;
			productRefGroup = 7A3F7CF81F966DF900127B1B /* Products */;
			projectDirPath = "";
			projectRoot = "";
			targets = (
				7A3F7CF61F966DF900127B1B /* dioder-ios */,
				7A3F7D081F966DF900127B1B /* dioder-ios WatchKit App */,
				7A3F7D171F966DF900127B1B /* dioder-ios WatchKit Extension */,
			);
		};
/* End PBXProject section */

/* Begin PBXResourcesBuildPhase section */
		7A3F7CF51F966DF900127B1B /* Resources */ = {
			isa = PBXResourcesBuildPhase;
			buildActionMask = 2147483647;
			files = (
				7A3F7D051F966DF900127B1B /* LaunchScreen.storyboard in Resources */,
				7A3F7D021F966DF900127B1B /* Assets.xcassets in Resources */,
				7A3F7D001F966DF900127B1B /* Main.storyboard in Resources */,
			);
			runOnlyForDeploymentPostprocessing = 0;
		};
		7A3F7D071F966DF900127B1B /* Resources */ = {
			isa = PBXResourcesBuildPhase;
			buildActionMask = 2147483647;
			files = (
				7A3F7D121F966DF900127B1B /* Assets.xcassets in Resources */,
				7A3F7D101F966DF900127B1B /* Interface.storyboard in Resources */,
			);
			runOnlyForDeploymentPostprocessing = 0;
		};
		7A3F7D161F966DF900127B1B /* Resources */ = {
			isa = PBXResourcesBuildPhase;
			buildActionMask = 2147483647;
			files = (
				7A3F7D221F966DF900127B1B /* Assets.xcassets in Resources */,
			);
			runOnlyForDeploymentPostprocessing = 0;
		};
/* End PBXResourcesBuildPhase section */

/* Begin PBXShellScriptBuildPhase section */
		287BD54FF2E09E16BAFF2F45 /* [CP] Check Pods Manifest.lock */ = {
			isa = PBXShellScriptBuildPhase;
			buildActionMask = 2147483647;
			files = (
			);
			inputPaths = (
				"${PODS_PODFILE_DIR_PATH}/Podfile.lock",
				"${PODS_ROOT}/Manifest.lock",
			);
			name = "[CP] Check Pods Manifest.lock";
			outputPaths = (
				"$(DERIVED_FILE_DIR)/Pods-dioder-ios-checkManifestLockResult.txt",
			);
			runOnlyForDeploymentPostprocessing = 0;
			shellPath = /bin/sh;
			shellScript = "diff \"${PODS_PODFILE_DIR_PATH}/Podfile.lock\" \"${PODS_ROOT}/Manifest.lock\" > /dev/null\nif [ $? != 0 ] ; then\n    # print error to STDERR\n    echo \"error: The sandbox is not in sync with the Podfile.lock. Run 'pod install' or update your CocoaPods installation.\" >&2\n    exit 1\nfi\n# This output is used by Xcode 'outputs' to avoid re-running this script phase.\necho \"SUCCESS\" > \"${SCRIPT_OUTPUT_FILE_0}\"\n";
			showEnvVarsInLog = 0;
		};
		5D02BBF4E2CD31643295072C /* [CP] Check Pods Manifest.lock */ = {
			isa = PBXShellScriptBuildPhase;
			buildActionMask = 2147483647;
			files = (
			);
			inputPaths = (
				"${PODS_PODFILE_DIR_PATH}/Podfile.lock",
				"${PODS_ROOT}/Manifest.lock",
			);
			name = "[CP] Check Pods Manifest.lock";
			outputPaths = (
				"$(DERIVED_FILE_DIR)/Pods-dioder-ios WatchKit Extension-checkManifestLockResult.txt",
			);
			runOnlyForDeploymentPostprocessing = 0;
			shellPath = /bin/sh;
			shellScript = "diff \"${PODS_PODFILE_DIR_PATH}/Podfile.lock\" \"${PODS_ROOT}/Manifest.lock\" > /dev/null\nif [ $? != 0 ] ; then\n    # print error to STDERR\n    echo \"error: The sandbox is not in sync with the Podfile.lock. Run 'pod install' or update your CocoaPods installation.\" >&2\n    exit 1\nfi\n# This output is used by Xcode 'outputs' to avoid re-running this script phase.\necho \"SUCCESS\" > \"${SCRIPT_OUTPUT_FILE_0}\"\n";
			showEnvVarsInLog = 0;
		};
		64C0F10245A9360B973BE273 /* [CP] Embed Pods Frameworks */ = {
			isa = PBXShellScriptBuildPhase;
			buildActionMask = 2147483647;
			files = (
			);
			inputPaths = (
			);
			name = "[CP] Embed Pods Frameworks";
			outputPaths = (
			);
			runOnlyForDeploymentPostprocessing = 0;
			shellPath = /bin/sh;
			shellScript = "\"${SRCROOT}/Pods/Target Support Files/Pods-dioder-ios WatchKit Extension/Pods-dioder-ios WatchKit Extension-frameworks.sh\"\n";
			showEnvVarsInLog = 0;
		};
		75F440D7AD5EAA3C08F5EF7B /* [CP] Copy Pods Resources */ = {
			isa = PBXShellScriptBuildPhase;
			buildActionMask = 2147483647;
			files = (
			);
			inputPaths = (
			);
			name = "[CP] Copy Pods Resources";
			outputPaths = (
			);
			runOnlyForDeploymentPostprocessing = 0;
			shellPath = /bin/sh;
			shellScript = "\"${SRCROOT}/Pods/Target Support Files/Pods-dioder-ios WatchKit Extension/Pods-dioder-ios WatchKit Extension-resources.sh\"\n";
			showEnvVarsInLog = 0;
		};
		913634BD6AD770289D60B18A /* [CP] Copy Pods Resources */ = {
			isa = PBXShellScriptBuildPhase;
			buildActionMask = 2147483647;
			files = (
			);
			inputPaths = (
			);
			name = "[CP] Copy Pods Resources";
			outputPaths = (
			);
			runOnlyForDeploymentPostprocessing = 0;
			shellPath = /bin/sh;
			shellScript = "\"${SRCROOT}/Pods/Target Support Files/Pods-dioder-ios/Pods-dioder-ios-resources.sh\"\n";
			showEnvVarsInLog = 0;
		};
		A306E454C0AF0C3D77980913 /* [CP] Copy Pods Resources */ = {
			isa = PBXShellScriptBuildPhase;
			buildActionMask = 2147483647;
			files = (
			);
			inputPaths = (
			);
			name = "[CP] Copy Pods Resources";
			outputPaths = (
			);
			runOnlyForDeploymentPostprocessing = 0;
			shellPath = /bin/sh;
			shellScript = "\"${SRCROOT}/Pods/Target Support Files/Pods-dioder-ios WatchKit App/Pods-dioder-ios WatchKit App-resources.sh\"\n";
			showEnvVarsInLog = 0;
		};
		AB33F8295D8D48B927914CF0 /* [CP] Embed Pods Frameworks */ = {
			isa = PBXShellScriptBuildPhase;
			buildActionMask = 2147483647;
			files = (
			);
			inputPaths = (
				"${SRCROOT}/Pods/Target Support Files/Pods-dioder-ios/Pods-dioder-ios-frameworks.sh",
				"${BUILT_PRODUCTS_DIR}/Socket.IO-Client-Swift/SocketIO.framework",
				"${BUILT_PRODUCTS_DIR}/Starscream/Starscream.framework",
			);
			name = "[CP] Embed Pods Frameworks";
			outputPaths = (
				"${TARGET_BUILD_DIR}/${FRAMEWORKS_FOLDER_PATH}/SocketIO.framework",
				"${TARGET_BUILD_DIR}/${FRAMEWORKS_FOLDER_PATH}/Starscream.framework",
			);
			runOnlyForDeploymentPostprocessing = 0;
			shellPath = /bin/sh;
			shellScript = "\"${SRCROOT}/Pods/Target Support Files/Pods-dioder-ios/Pods-dioder-ios-frameworks.sh\"\n";
			showEnvVarsInLog = 0;
		};
		F02334DB51204CB00D240855 /* [CP] Check Pods Manifest.lock */ = {
			isa = PBXShellScriptBuildPhase;
			buildActionMask = 2147483647;
			files = (
			);
			inputPaths = (
				"${PODS_PODFILE_DIR_PATH}/Podfile.lock",
				"${PODS_ROOT}/Manifest.lock",
			);
			name = "[CP] Check Pods Manifest.lock";
			outputPaths = (
				"$(DERIVED_FILE_DIR)/Pods-dioder-ios WatchKit App-checkManifestLockResult.txt",
			);
			runOnlyForDeploymentPostprocessing = 0;
			shellPath = /bin/sh;
			shellScript = "diff \"${PODS_PODFILE_DIR_PATH}/Podfile.lock\" \"${PODS_ROOT}/Manifest.lock\" > /dev/null\nif [ $? != 0 ] ; then\n    # print error to STDERR\n    echo \"error: The sandbox is not in sync with the Podfile.lock. Run 'pod install' or update your CocoaPods installation.\" >&2\n    exit 1\nfi\n# This output is used by Xcode 'outputs' to avoid re-running this script phase.\necho \"SUCCESS\" > \"${SCRIPT_OUTPUT_FILE_0}\"\n";
			showEnvVarsInLog = 0;
		};
/* End PBXShellScriptBuildPhase section */

/* Begin PBXSourcesBuildPhase section */
		7A3F7CF31F966DF900127B1B /* Sources */ = {
			isa = PBXSourcesBuildPhase;
			buildActionMask = 2147483647;
			files = (
				7A3F7CFD1F966DF900127B1B /* HomeViewController.swift in Sources */,
				7ADB6E211F9C83F600733DBA /* Favorite.swift in Sources */,
				7ADB6E1F1F9C81E100733DBA /* FavoritesViewController.swift in Sources */,
				7A3F7CFB1F966DF900127B1B /* AppDelegate.swift in Sources */,
			);
			runOnlyForDeploymentPostprocessing = 0;
		};
		7A3F7D141F966DF900127B1B /* Sources */ = {
			isa = PBXSourcesBuildPhase;
			buildActionMask = 2147483647;
			files = (
				7A3F7D201F966DF900127B1B /* ExtensionDelegate.swift in Sources */,
				7A3F7D1E1F966DF900127B1B /* InterfaceController.swift in Sources */,
			);
			runOnlyForDeploymentPostprocessing = 0;
		};
/* End PBXSourcesBuildPhase section */

/* Begin PBXTargetDependency section */
		7A3F7D0C1F966DF900127B1B /* PBXTargetDependency */ = {
			isa = PBXTargetDependency;
			target = 7A3F7D081F966DF900127B1B /* dioder-ios WatchKit App */;
			targetProxy = 7A3F7D0B1F966DF900127B1B /* PBXContainerItemProxy */;
		};
		7A3F7D1B1F966DF900127B1B /* PBXTargetDependency */ = {
			isa = PBXTargetDependency;
			target = 7A3F7D171F966DF900127B1B /* dioder-ios WatchKit Extension */;
			targetProxy = 7A3F7D1A1F966DF900127B1B /* PBXContainerItemProxy */;
		};
/* End PBXTargetDependency section */

/* Begin PBXVariantGroup section */
		7A3F7CFE1F966DF900127B1B /* Main.storyboard */ = {
			isa = PBXVariantGroup;
			children = (
				7A3F7CFF1F966DF900127B1B /* Base */,
			);
			name = Main.storyboard;
			sourceTree = "<group>";
		};
		7A3F7D031F966DF900127B1B /* LaunchScreen.storyboard */ = {
			isa = PBXVariantGroup;
			children = (
				7A3F7D041F966DF900127B1B /* Base */,
			);
			name = LaunchScreen.storyboard;
			sourceTree = "<group>";
		};
		7A3F7D0E1F966DF900127B1B /* Interface.storyboard */ = {
			isa = PBXVariantGroup;
			children = (
				7A3F7D0F1F966DF900127B1B /* Base */,
			);
			name = Interface.storyboard;
			sourceTree = "<group>";
		};
/* End PBXVariantGroup section */

/* Begin XCBuildConfiguration section */
		7A3F7D241F966DF900127B1B /* Debug */ = {
			isa = XCBuildConfiguration;
			buildSettings = {
				ALWAYS_SEARCH_USER_PATHS = NO;
				CLANG_ANALYZER_NONNULL = YES;
				CLANG_ANALYZER_NUMBER_OBJECT_CONVERSION = YES_AGGRESSIVE;
				CLANG_CXX_LANGUAGE_STANDARD = "gnu++14";
				CLANG_CXX_LIBRARY = "libc++";
				CLANG_ENABLE_MODULES = YES;
				CLANG_ENABLE_OBJC_ARC = YES;
				CLANG_WARN_BLOCK_CAPTURE_AUTORELEASING = YES;
				CLANG_WARN_BOOL_CONVERSION = YES;
				CLANG_WARN_COMMA = YES;
				CLANG_WARN_CONSTANT_CONVERSION = YES;
				CLANG_WARN_DIRECT_OBJC_ISA_USAGE = YES_ERROR;
				CLANG_WARN_DOCUMENTATION_COMMENTS = YES;
				CLANG_WARN_EMPTY_BODY = YES;
				CLANG_WARN_ENUM_CONVERSION = YES;
				CLANG_WARN_INFINITE_RECURSION = YES;
				CLANG_WARN_INT_CONVERSION = YES;
				CLANG_WARN_NON_LITERAL_NULL_CONVERSION = YES;
				CLANG_WARN_OBJC_LITERAL_CONVERSION = YES;
				CLANG_WARN_OBJC_ROOT_CLASS = YES_ERROR;
				CLANG_WARN_RANGE_LOOP_ANALYSIS = YES;
				CLANG_WARN_STRICT_PROTOTYPES = YES;
				CLANG_WARN_SUSPICIOUS_MOVE = YES;
				CLANG_WARN_UNGUARDED_AVAILABILITY = YES_AGGRESSIVE;
				CLANG_WARN_UNREACHABLE_CODE = YES;
				CLANG_WARN__DUPLICATE_METHOD_MATCH = YES;
				CODE_SIGN_IDENTITY = "iPhone Developer";
				COPY_PHASE_STRIP = NO;
				DEBUG_INFORMATION_FORMAT = dwarf;
				ENABLE_STRICT_OBJC_MSGSEND = YES;
				ENABLE_TESTABILITY = YES;
				GCC_C_LANGUAGE_STANDARD = gnu11;
				GCC_DYNAMIC_NO_PIC = NO;
				GCC_NO_COMMON_BLOCKS = YES;
				GCC_OPTIMIZATION_LEVEL = 0;
				GCC_PREPROCESSOR_DEFINITIONS = (
					"DEBUG=1",
					"$(inherited)",
				);
				GCC_WARN_64_TO_32_BIT_CONVERSION = YES;
				GCC_WARN_ABOUT_RETURN_TYPE = YES_ERROR;
				GCC_WARN_UNDECLARED_SELECTOR = YES;
				GCC_WARN_UNINITIALIZED_AUTOS = YES_AGGRESSIVE;
				GCC_WARN_UNUSED_FUNCTION = YES;
				GCC_WARN_UNUSED_VARIABLE = YES;
				IPHONEOS_DEPLOYMENT_TARGET = 11.0;
				MTL_ENABLE_DEBUG_INFO = YES;
				ONLY_ACTIVE_ARCH = YES;
				SDKROOT = iphoneos;
				SWIFT_ACTIVE_COMPILATION_CONDITIONS = DEBUG;
				SWIFT_OPTIMIZATION_LEVEL = "-Onone";
			};
			name = Debug;
		};
		7A3F7D251F966DF900127B1B /* Release */ = {
			isa = XCBuildConfiguration;
			buildSettings = {
				ALWAYS_SEARCH_USER_PATHS = NO;
				CLANG_ANALYZER_NONNULL = YES;
				CLANG_ANALYZER_NUMBER_OBJECT_CONVERSION = YES_AGGRESSIVE;
				CLANG_CXX_LANGUAGE_STANDARD = "gnu++14";
				CLANG_CXX_LIBRARY = "libc++";
				CLANG_ENABLE_MODULES = YES;
				CLANG_ENABLE_OBJC_ARC = YES;
				CLANG_WARN_BLOCK_CAPTURE_AUTORELEASING = YES;
				CLANG_WARN_BOOL_CONVERSION = YES;
				CLANG_WARN_COMMA = YES;
				CLANG_WARN_CONSTANT_CONVERSION = YES;
				CLANG_WARN_DIRECT_OBJC_ISA_USAGE = YES_ERROR;
				CLANG_WARN_DOCUMENTATION_COMMENTS = YES;
				CLANG_WARN_EMPTY_BODY = YES;
				CLANG_WARN_ENUM_CONVERSION = YES;
				CLANG_WARN_INFINITE_RECURSION = YES;
				CLANG_WARN_INT_CONVERSION = YES;
				CLANG_WARN_NON_LITERAL_NULL_CONVERSION = YES;
				CLANG_WARN_OBJC_LITERAL_CONVERSION = YES;
				CLANG_WARN_OBJC_ROOT_CLASS = YES_ERROR;
				CLANG_WARN_RANGE_LOOP_ANALYSIS = YES;
				CLANG_WARN_STRICT_PROTOTYPES = YES;
				CLANG_WARN_SUSPICIOUS_MOVE = YES;
				CLANG_WARN_UNGUARDED_AVAILABILITY = YES_AGGRESSIVE;
				CLANG_WARN_UNREACHABLE_CODE = YES;
				CLANG_WARN__DUPLICATE_METHOD_MATCH = YES;
				CODE_SIGN_IDENTITY = "iPhone Developer";
				COPY_PHASE_STRIP = NO;
				DEBUG_INFORMATION_FORMAT = "dwarf-with-dsym";
				ENABLE_NS_ASSERTIONS = NO;
				ENABLE_STRICT_OBJC_MSGSEND = YES;
				GCC_C_LANGUAGE_STANDARD = gnu11;
				GCC_NO_COMMON_BLOCKS = YES;
				GCC_WARN_64_TO_32_BIT_CONVERSION = YES;
				GCC_WARN_ABOUT_RETURN_TYPE = YES_ERROR;
				GCC_WARN_UNDECLARED_SELECTOR = YES;
				GCC_WARN_UNINITIALIZED_AUTOS = YES_AGGRESSIVE;
				GCC_WARN_UNUSED_FUNCTION = YES;
				GCC_WARN_UNUSED_VARIABLE = YES;
				IPHONEOS_DEPLOYMENT_TARGET = 11.0;
				MTL_ENABLE_DEBUG_INFO = NO;
				SDKROOT = iphoneos;
				SWIFT_OPTIMIZATION_LEVEL = "-Owholemodule";
				VALIDATE_PRODUCT = YES;
			};
			name = Release;
		};
		7A3F7D271F966DF900127B1B /* Debug */ = {
			isa = XCBuildConfiguration;
			baseConfigurationReference = A4744699F2CA1A7863910912 /* Pods-dioder-ios WatchKit Extension.debug.xcconfig */;
			buildSettings = {
				ASSETCATALOG_COMPILER_COMPLICATION_NAME = Complication;
				CODE_SIGN_IDENTITY = "iPhone Developer: mail@eriknoorland.nl (J2XQ2M62AK)";
				"CODE_SIGN_IDENTITY[sdk=watchos*]" = "iPhone Developer";
				CODE_SIGN_STYLE = Automatic;
				DEVELOPMENT_TEAM = L79BRFYMZ4;
				INFOPLIST_FILE = "dioder-ios WatchKit Extension/Info.plist";
				LD_RUNPATH_SEARCH_PATHS = "$(inherited) @executable_path/Frameworks @executable_path/../../Frameworks";
				PRODUCT_BUNDLE_IDENTIFIER = "nl.eriknoorland.dioder-ios.watchkitapp.watchkitextension";
				PRODUCT_NAME = "${TARGET_NAME}";
				PROVISIONING_PROFILE_SPECIFIER = "";
				SDKROOT = watchos;
				SKIP_INSTALL = YES;
				SWIFT_VERSION = 4.0;
				TARGETED_DEVICE_FAMILY = 4;
				WATCHOS_DEPLOYMENT_TARGET = 4.0;
			};
			name = Debug;
		};
		7A3F7D281F966DF900127B1B /* Release */ = {
			isa = XCBuildConfiguration;
			baseConfigurationReference = B3443ACCAE5E81CF9F0E0D13 /* Pods-dioder-ios WatchKit Extension.release.xcconfig */;
			buildSettings = {
				ASSETCATALOG_COMPILER_COMPLICATION_NAME = Complication;
				CODE_SIGN_IDENTITY = "iPhone Developer: mail@eriknoorland.nl (J2XQ2M62AK)";
				"CODE_SIGN_IDENTITY[sdk=watchos*]" = "iPhone Developer";
				CODE_SIGN_STYLE = Automatic;
				DEVELOPMENT_TEAM = L79BRFYMZ4;
				INFOPLIST_FILE = "dioder-ios WatchKit Extension/Info.plist";
				LD_RUNPATH_SEARCH_PATHS = "$(inherited) @executable_path/Frameworks @executable_path/../../Frameworks";
				PRODUCT_BUNDLE_IDENTIFIER = "nl.eriknoorland.dioder-ios.watchkitapp.watchkitextension";
				PRODUCT_NAME = "${TARGET_NAME}";
				PROVISIONING_PROFILE_SPECIFIER = "";
				SDKROOT = watchos;
				SKIP_INSTALL = YES;
				SWIFT_VERSION = 4.0;
				TARGETED_DEVICE_FAMILY = 4;
				WATCHOS_DEPLOYMENT_TARGET = 4.0;
			};
			name = Release;
		};
		7A3F7D2B1F966DF900127B1B /* Debug */ = {
			isa = XCBuildConfiguration;
			baseConfigurationReference = 711187BDB7B84213CBB02595 /* Pods-dioder-ios WatchKit App.debug.xcconfig */;
			buildSettings = {
				ALWAYS_EMBED_SWIFT_STANDARD_LIBRARIES = YES;
				ASSETCATALOG_COMPILER_APPICON_NAME = AppIcon;
				CODE_SIGN_STYLE = Automatic;
				DEVELOPMENT_TEAM = L79BRFYMZ4;
				IBSC_MODULE = dioder_ios_WatchKit_Extension;
				INFOPLIST_FILE = "dioder-ios WatchKit App/Info.plist";
				PRODUCT_BUNDLE_IDENTIFIER = "nl.eriknoorland.dioder-ios.watchkitapp";
				PRODUCT_NAME = "$(TARGET_NAME)";
				SDKROOT = watchos;
				SKIP_INSTALL = YES;
				SWIFT_VERSION = 4.0;
				TARGETED_DEVICE_FAMILY = 4;
				WATCHOS_DEPLOYMENT_TARGET = 4.0;
			};
			name = Debug;
		};
		7A3F7D2C1F966DF900127B1B /* Release */ = {
			isa = XCBuildConfiguration;
			baseConfigurationReference = 558F4B7393AB48271917E2BA /* Pods-dioder-ios WatchKit App.release.xcconfig */;
			buildSettings = {
				ALWAYS_EMBED_SWIFT_STANDARD_LIBRARIES = YES;
				ASSETCATALOG_COMPILER_APPICON_NAME = AppIcon;
				CODE_SIGN_STYLE = Automatic;
				DEVELOPMENT_TEAM = L79BRFYMZ4;
				IBSC_MODULE = dioder_ios_WatchKit_Extension;
				INFOPLIST_FILE = "dioder-ios WatchKit App/Info.plist";
				PRODUCT_BUNDLE_IDENTIFIER = "nl.eriknoorland.dioder-ios.watchkitapp";
				PRODUCT_NAME = "$(TARGET_NAME)";
				SDKROOT = watchos;
				SKIP_INSTALL = YES;
				SWIFT_VERSION = 4.0;
				TARGETED_DEVICE_FAMILY = 4;
				WATCHOS_DEPLOYMENT_TARGET = 4.0;
			};
			name = Release;
		};
		7A3F7D2F1F966DF900127B1B /* Debug */ = {
			isa = XCBuildConfiguration;
			baseConfigurationReference = 9E5D84B67102F470A3FE1F15 /* Pods-dioder-ios.debug.xcconfig */;
			buildSettings = {
				ASSETCATALOG_COMPILER_APPICON_NAME = AppIcon;
				CODE_SIGN_STYLE = Automatic;
				DEVELOPMENT_TEAM = L79BRFYMZ4;
				INFOPLIST_FILE = "dioder-ios/Info.plist";
				LD_RUNPATH_SEARCH_PATHS = "$(inherited) @executable_path/Frameworks";
				PRODUCT_BUNDLE_IDENTIFIER = "nl.eriknoorland.dioder-ios";
				PRODUCT_NAME = "$(TARGET_NAME)";
				SWIFT_VERSION = 4.0;
				TARGETED_DEVICE_FAMILY = 1;
			};
			name = Debug;
		};
		7A3F7D301F966DF900127B1B /* Release */ = {
			isa = XCBuildConfiguration;
			baseConfigurationReference = D9C34847444A9D1DCBFCE8B0 /* Pods-dioder-ios.release.xcconfig */;
			buildSettings = {
				ASSETCATALOG_COMPILER_APPICON_NAME = AppIcon;
				CODE_SIGN_STYLE = Automatic;
				DEVELOPMENT_TEAM = L79BRFYMZ4;
				INFOPLIST_FILE = "dioder-ios/Info.plist";
				LD_RUNPATH_SEARCH_PATHS = "$(inherited) @executable_path/Frameworks";
				PRODUCT_BUNDLE_IDENTIFIER = "nl.eriknoorland.dioder-ios";
				PRODUCT_NAME = "$(TARGET_NAME)";
				SWIFT_VERSION = 4.0;
				TARGETED_DEVICE_FAMILY = 1;
			};
			name = Release;
		};
/* End XCBuildConfiguration section */

/* Begin XCConfigurationList section */
		7A3F7CF21F966DF900127B1B /* Build configuration list for PBXProject "dioder-ios" */ = {
			isa = XCConfigurationList;
			buildConfigurations = (
				7A3F7D241F966DF900127B1B /* Debug */,
				7A3F7D251F966DF900127B1B /* Release */,
			);
			defaultConfigurationIsVisible = 0;
			defaultConfigurationName = Release;
		};
		7A3F7D261F966DF900127B1B /* Build configuration list for PBXNativeTarget "dioder-ios WatchKit Extension" */ = {
			isa = XCConfigurationList;
			buildConfigurations = (
				7A3F7D271F966DF900127B1B /* Debug */,
				7A3F7D281F966DF900127B1B /* Release */,
			);
			defaultConfigurationIsVisible = 0;
			defaultConfigurationName = Release;
		};
		7A3F7D2A1F966DF900127B1B /* Build configuration list for PBXNativeTarget "dioder-ios WatchKit App" */ = {
			isa = XCConfigurationList;
			buildConfigurations = (
				7A3F7D2B1F966DF900127B1B /* Debug */,
				7A3F7D2C1F966DF900127B1B /* Release */,
			);
			defaultConfigurationIsVisible = 0;
			defaultConfigurationName = Release;
		};
		7A3F7D2E1F966DF900127B1B /* Build configuration list for PBXNativeTarget "dioder-ios" */ = {
			isa = XCConfigurationList;
			buildConfigurations = (
				7A3F7D2F1F966DF900127B1B /* Debug */,
				7A3F7D301F966DF900127B1B /* Release */,
			);
			defaultConfigurationIsVisible = 0;
			defaultConfigurationName = Release;
		};
/* End XCConfigurationList section */
	};
	rootObject = 7A3F7CEF1F966DF900127B1B /* Project object */;
}
